
Microsoft Visual Studio Solution File, Format Version 12.00
# Visual Studio Version 17
VisualStudioVersion = 17.14.36414.22 d17.14
MinimumVisualStudioVersion = 10.0.40219.1
Project("{FAE04EC0-301F-11D3-BF4B-00C04F79EFBC}") = "Task3", "Task3\Task3.csproj", "{D3A9A902-7086-4211-BD68-DF5153C6592B}"
EndProject
Global
	GlobalSection(SolutionConfigurationPlatforms) = preSolution
		Debug|Any CPU = Debug|Any CPU
		Release|Any CPU = Release|Any CPU
	EndGlobalSection
	GlobalSection(ProjectConfigurationPlatforms) = postSolution
		{D3A9A902-7086-4211-BD68-DF5153C6592B}.Debug|Any CPU.ActiveCfg = Debug|Any CPU
		{D3A9A902-7086-4211-BD68-DF5153C6592B}.Debug|Any CPU.Build.0 = Debug|Any CPU
		{D3A9A902-7086-4211-BD68-DF5153C6592B}.Release|Any CPU.ActiveCfg = Release|Any CPU
		{D3A9A902-7086-4211-BD68-DF5153C6592B}.Release|Any CPU.Build.0 = Release|Any CPU
	EndGlobalSection
	GlobalSection(SolutionProperties) = preSolution
		HideSolutionNode = FALSE
	EndGlobalSection
	GlobalSection(ExtensibilityGlobals) = postSolution
		SolutionGuid = {2DEF1224-CE5C-4612-A42A-25F2AAE1E968}
	EndGlobalSection
EndGlobal
